
Microsoft Visual Studio Solution File, Format Version 12.00
# Visual Studio Version 16
VisualStudioVersion = 16.0.31112.23
MinimumVisualStudioVersion = 10.0.40219.1
Project("{FAE04EC0-301F-11D3-BF4B-00C04F79EFBC}") = "FiguresLib", "FiguresLib\FiguresLib.csproj", "{2CAF68EF-6516-4A48-AA66-6266E990BE2C}"
EndProject
Project("{FAE04EC0-301F-11D3-BF4B-00C04F79EFBC}") = "FiguresTests", "FiguresTests\FiguresTests.csproj", "{F47A1469-635A-4FD3-BA4A-501EFDE0ABEB}"
EndProject
Global
	GlobalSection(SolutionConfigurationPlatforms) = preSolution
		Debug|Any CPU = Debug|Any CPU
		Release|Any CPU = Release|Any CPU
	EndGlobalSection
	GlobalSection(ProjectConfigurationPlatforms) = postSolution
		{2CAF68EF-6516-4A48-AA66-6266E990BE2C}.Debug|Any CPU.ActiveCfg = Debug|Any CPU
		{2CAF68EF-6516-4A48-AA66-6266E990BE2C}.Debug|Any CPU.Build.0 = Debug|Any CPU
		{2CAF68EF-6516-4A48-AA66-6266E990BE2C}.Release|Any CPU.ActiveCfg = Release|Any CPU
		{2CAF68EF-6516-4A48-AA66-6266E990BE2C}.Release|Any CPU.Build.0 = Release|Any CPU
		{F47A1469-635A-4FD3-BA4A-501EFDE0ABEB}.Debug|Any CPU.ActiveCfg = Debug|Any CPU
		{F47A1469-635A-4FD3-BA4A-501EFDE0ABEB}.Debug|Any CPU.Build.0 = Debug|Any CPU
		{F47A1469-635A-4FD3-BA4A-501EFDE0ABEB}.Release|Any CPU.ActiveCfg = Release|Any CPU
		{F47A1469-635A-4FD3-BA4A-501EFDE0ABEB}.Release|Any CPU.Build.0 = Release|Any CPU
	EndGlobalSection
	GlobalSection(SolutionProperties) = preSolution
		HideSolutionNode = FALSE
	EndGlobalSection
	GlobalSection(ExtensibilityGlobals) = postSolution
		SolutionGuid = {B090A110-465B-4917-9C36-75D06C5431DE}
	EndGlobalSection
EndGlobal
